
Microsoft Visual Studio Solution File, Format Version 12.00
# Visual Studio 15
VisualStudioVersion = 15.0.27004.2006
MinimumVisualStudioVersion = 10.0.40219.1
Project("{FAE04EC0-301F-11D3-BF4B-00C04F79EFBC}") = "array", "array\array.csproj", "{139B3F63-C51D-4FBD-B3A0-06581274AF2A}"
EndProject
Global
	GlobalSection(SolutionConfigurationPlatforms) = preSolution
		Debug|Any CPU = Debug|Any CPU
		Release|Any CPU = Release|Any CPU
	EndGlobalSection
	GlobalSection(ProjectConfigurationPlatforms) = postSolution
		{139B3F63-C51D-4FBD-B3A0-06581274AF2A}.Debug|Any CPU.ActiveCfg = Debug|Any CPU
		{139B3F63-C51D-4FBD-B3A0-06581274AF2A}.Debug|Any CPU.Build.0 = Debug|Any CPU
		{139B3F63-C51D-4FBD-B3A0-06581274AF2A}.Release|Any CPU.ActiveCfg = Release|Any CPU
		{139B3F63-C51D-4FBD-B3A0-06581274AF2A}.Release|Any CPU.Build.0 = Release|Any CPU
	EndGlobalSection
	GlobalSection(SolutionProperties) = preSolution
		HideSolutionNode = FALSE
	EndGlobalSection
	GlobalSection(ExtensibilityGlobals) = postSolution
		SolutionGuid = {4F7A29FC-FE43-41FA-9655-9EE1F8A676D7}
	EndGlobalSection
EndGlobal
